
Microsoft Visual Studio Solution File, Format Version 12.00
# Visual Studio Version 16
VisualStudioVersion = 16.0.31624.102
MinimumVisualStudioVersion = 10.0.40219.1
Project("{9A19103F-16F7-4668-BE54-9A1E7A4F7556}") = "xls检测更新", "xls检测更新.csproj", "{542F8D69-BABB-4DE5-830B-5CB662A8649F}"
EndProject
Global
	GlobalSection(SolutionConfigurationPlatforms) = preSolution
		Debug|Any CPU = Debug|Any CPU
		Release|Any CPU = Release|Any CPU
	EndGlobalSection
	GlobalSection(ProjectConfigurationPlatforms) = postSolution
		{542F8D69-BABB-4DE5-830B-5CB662A8649F}.Debug|Any CPU.ActiveCfg = Debug|Any CPU
		{542F8D69-BABB-4DE5-830B-5CB662A8649F}.Debug|Any CPU.Build.0 = Debug|Any CPU
		{542F8D69-BABB-4DE5-830B-5CB662A8649F}.Release|Any CPU.ActiveCfg = Release|Any CPU
		{542F8D69-BABB-4DE5-830B-5CB662A8649F}.Release|Any CPU.Build.0 = Release|Any CPU
	EndGlobalSection
	GlobalSection(SolutionProperties) = preSolution
		HideSolutionNode = FALSE
	EndGlobalSection
	GlobalSection(ExtensibilityGlobals) = postSolution
		SolutionGuid = {08C8C9AD-2C59-426B-87F5-7FB3ED2C5599}
	EndGlobalSection
EndGlobal
